
Microsoft Visual Studio Solution File, Format Version 12.00
# Visual Studio Version 16
VisualStudioVersion = 16.0.30225.117
MinimumVisualStudioVersion = 10.0.40219.1
Project("{FAE04EC0-301F-11D3-BF4B-00C04F79EFBC}") = "P4", "P4\P4.csproj", "{806680B2-49B3-4EA7-ADFA-0DAA0C72CC7C}"
EndProject
Global
	GlobalSection(SolutionConfigurationPlatforms) = preSolution
		Debug|Any CPU = Debug|Any CPU
		Release|Any CPU = Release|Any CPU
	EndGlobalSection
	GlobalSection(ProjectConfigurationPlatforms) = postSolution
		{806680B2-49B3-4EA7-ADFA-0DAA0C72CC7C}.Debug|Any CPU.ActiveCfg = Debug|Any CPU
		{806680B2-49B3-4EA7-ADFA-0DAA0C72CC7C}.Debug|Any CPU.Build.0 = Debug|Any CPU
		{806680B2-49B3-4EA7-ADFA-0DAA0C72CC7C}.Release|Any CPU.ActiveCfg = Release|Any CPU
		{806680B2-49B3-4EA7-ADFA-0DAA0C72CC7C}.Release|Any CPU.Build.0 = Release|Any CPU
	EndGlobalSection
	GlobalSection(SolutionProperties) = preSolution
		HideSolutionNode = FALSE
	EndGlobalSection
	GlobalSection(ExtensibilityGlobals) = postSolution
		SolutionGuid = {648596D9-D381-4BE1-9506-CF26E399BFF6}
	EndGlobalSection
EndGlobal
